
Microsoft Visual Studio Solution File, Format Version 12.00
# Visual Studio Version 17
VisualStudioVersion = 17.3.32811.315
MinimumVisualStudioVersion = 10.0.40219.1
Project("{FAE04EC0-301F-11D3-BF4B-00C04F79EFBC}") = "Inventory", "Inventory\Inventory.csproj", "{AAF7C69C-6385-4F90-8B98-4694DDF3EC75}"
EndProject
Global
	GlobalSection(SolutionConfigurationPlatforms) = preSolution
		Debug|Any CPU = Debug|Any CPU
		Release|Any CPU = Release|Any CPU
	EndGlobalSection
	GlobalSection(ProjectConfigurationPlatforms) = postSolution
		{AAF7C69C-6385-4F90-8B98-4694DDF3EC75}.Debug|Any CPU.ActiveCfg = Debug|Any CPU
		{AAF7C69C-6385-4F90-8B98-4694DDF3EC75}.Debug|Any CPU.Build.0 = Debug|Any CPU
		{AAF7C69C-6385-4F90-8B98-4694DDF3EC75}.Release|Any CPU.ActiveCfg = Release|Any CPU
		{AAF7C69C-6385-4F90-8B98-4694DDF3EC75}.Release|Any CPU.Build.0 = Release|Any CPU
	EndGlobalSection
	GlobalSection(SolutionProperties) = preSolution
		HideSolutionNode = FALSE
	EndGlobalSection
	GlobalSection(ExtensibilityGlobals) = postSolution
		SolutionGuid = {9949B377-47D5-4F8B-9572-FFA5EB4500ED}
	EndGlobalSection
EndGlobal
